
Microsoft Visual Studio Solution File, Format Version 12.00
# Visual Studio Version 16
VisualStudioVersion = 16.0.30804.86
MinimumVisualStudioVersion = 10.0.40219.1
Project("{9A19103F-16F7-4668-BE54-9A1E7A4F7556}") = "HRReporting", "Jivi\HRReporting.csproj", "{C89EBAFC-ABD7-4C0C-95C9-5DFC6F07A8C5}"
EndProject
Global
	GlobalSection(SolutionConfigurationPlatforms) = preSolution
		Debug|Any CPU = Debug|Any CPU
		Release|Any CPU = Release|Any CPU
	EndGlobalSection
	GlobalSection(ProjectConfigurationPlatforms) = postSolution
		{C89EBAFC-ABD7-4C0C-95C9-5DFC6F07A8C5}.Debug|Any CPU.ActiveCfg = Debug|Any CPU
		{C89EBAFC-ABD7-4C0C-95C9-5DFC6F07A8C5}.Debug|Any CPU.Build.0 = Debug|Any CPU
		{C89EBAFC-ABD7-4C0C-95C9-5DFC6F07A8C5}.Release|Any CPU.ActiveCfg = Release|Any CPU
		{C89EBAFC-ABD7-4C0C-95C9-5DFC6F07A8C5}.Release|Any CPU.Build.0 = Release|Any CPU
	EndGlobalSection
	GlobalSection(SolutionProperties) = preSolution
		HideSolutionNode = FALSE
	EndGlobalSection
	GlobalSection(ExtensibilityGlobals) = postSolution
		SolutionGuid = {050A73F8-2389-4510-BF47-EBB26D3078C6}
	EndGlobalSection
EndGlobal
